
Microsoft Visual Studio Solution File, Format Version 12.00
# Visual Studio Version 17
VisualStudioVersion = 17.13.35919.96 d17.13
MinimumVisualStudioVersion = 10.0.40219.1
Project("{FAE04EC0-301F-11D3-BF4B-00C04F79EFBC}") = "laborator12", "laborator12\laborator12.csproj", "{DD439DCF-3434-4EF6-931A-91FF5EAEA933}"
EndProject
Global
	GlobalSection(SolutionConfigurationPlatforms) = preSolution
		Debug|Any CPU = Debug|Any CPU
		Release|Any CPU = Release|Any CPU
	EndGlobalSection
	GlobalSection(ProjectConfigurationPlatforms) = postSolution
		{DD439DCF-3434-4EF6-931A-91FF5EAEA933}.Debug|Any CPU.ActiveCfg = Debug|Any CPU
		{DD439DCF-3434-4EF6-931A-91FF5EAEA933}.Debug|Any CPU.Build.0 = Debug|Any CPU
		{DD439DCF-3434-4EF6-931A-91FF5EAEA933}.Release|Any CPU.ActiveCfg = Release|Any CPU
		{DD439DCF-3434-4EF6-931A-91FF5EAEA933}.Release|Any CPU.Build.0 = Release|Any CPU
	EndGlobalSection
	GlobalSection(SolutionProperties) = preSolution
		HideSolutionNode = FALSE
	EndGlobalSection
	GlobalSection(ExtensibilityGlobals) = postSolution
		SolutionGuid = {1DE1802A-F2DB-4542-8CF3-6DC7230465DD}
	EndGlobalSection
EndGlobal
